Microsoft Visual Studio Solution File, Format Version 11.00
# Visual Studio 2008

Project("{F8C98F0B-FDBD-C313-F878-0DA1B36FC682}") = "Jugglers", "Assembly-CSharp.csproj", "{04EEF2A8-488A-E68C-A7FB-3C2A1D481E19}"
EndProject
Global
	GlobalSection(SolutionConfigurationPlatforms) = preSolution
		Debug|Any CPU = Debug|Any CPU
		Release|Any CPU = Release|Any CPU
	EndGlobalSection
	GlobalSection(ProjectConfigurationPlatforms) = postSolution
		{04EEF2A8-488A-E68C-A7FB-3C2A1D481E19}.Debug|Any CPU.ActiveCfg = Debug|Any CPU
		{04EEF2A8-488A-E68C-A7FB-3C2A1D481E19}.Debug|Any CPU.Build.0 = Debug|Any CPU
		{04EEF2A8-488A-E68C-A7FB-3C2A1D481E19}.Release|Any CPU.ActiveCfg = Release|Any CPU
		{04EEF2A8-488A-E68C-A7FB-3C2A1D481E19}.Release|Any CPU.Build.0 = Release|Any CPU
	EndGlobalSection
	GlobalSection(SolutionProperties) = preSolution
		HideSolutionNode = FALSE
	EndGlobalSection
	GlobalSection(MonoDevelopProperties) = preSolution
		StartupItem = Assembly-CSharp.csproj
	EndGlobalSection
EndGlobal
